# THIS IS AN AUTOGENERATED FILE. DO NOT EDIT THIS FILE DIRECTLY.
# yarn lockfile v1


q@^1.4.1:
  version "1.5.1"
  resolved "https://registry.yarnpkg.com/q/-/q-1.5.1.tgz#7e32f75b41381291d04611f1bf14109ac00651d7"
  integrity sha1-fjL3W0E4EpHQRhHxvxQQmsAGUdc=

react-native-pinch@^0.1.0:
  version "0.1.0"
  resolved "https://registry.yarnpkg.com/react-native-pinch/-/react-native-pinch-0.1.0.tgz#f453a67b5fa336fb77675b8a67257efadf77d992"
  integrity sha512-loBLOwR4XRmnScssmNNuGDuG/CwTi4Fp+2z5OazQhcQHc8fsRde78m1jjyALlV4IrZisjID+Y339Ln9iOQusxg==
  dependencies:
    q "^1.4.1"
